
Microsoft Visual Studio Solution File, Format Version 12.00
# Visual Studio Version 17
VisualStudioVersion = 17.14.36616.10 d17.14
MinimumVisualStudioVersion = 10.0.40219.1
Project("{FAE04EC0-301F-11D3-BF4B-00C04F79EFBC}") = "DataDrivenConstants.Analyzers", "DataDrivenConstants.Analyzers\DataDrivenConstants.Analyzers.csproj", "{F4284E98-85D2-4CD2-8F56-0DBB99D9EE48}"
EndProject
Project("{FAE04EC0-301F-11D3-BF4B-00C04F79EFBC}") = "DataDrivenConstants.CodeFixes", "DataDrivenConstants.CodeFixes\DataDrivenConstants.CodeFixes.csproj", "{58696023-6944-4062-9AA7-8C80B626E9B8}"
EndProject
Project("{FAE04EC0-301F-11D3-BF4B-00C04F79EFBC}") = "DataDrivenConstants.Package", "DataDrivenConstants.Package\DataDrivenConstants.Package.csproj", "{78316298-B9B9-43EC-ABF8-385E2EC668C9}"
EndProject
Project("{FAE04EC0-301F-11D3-BF4B-00C04F79EFBC}") = "DataDrivenConstants.Test", "DataDrivenConstants.Test\DataDrivenConstants.Test.csproj", "{263D9D08-DF2B-4FC6-AB08-1941B8B904F5}"
EndProject
Project("{FAE04EC0-301F-11D3-BF4B-00C04F79EFBC}") = "DataDrivenConstants.Vsix", "DataDrivenConstants.Vsix\DataDrivenConstants.Vsix.csproj", "{6CCF21A7-06CC-48FA-8383-86DB149F428E}"
EndProject
Global
	GlobalSection(SolutionConfigurationPlatforms) = preSolution
		Debug|Any CPU = Debug|Any CPU
		Release|Any CPU = Release|Any CPU
	EndGlobalSection
	GlobalSection(ProjectConfigurationPlatforms) = postSolution
		{F4284E98-85D2-4CD2-8F56-0DBB99D9EE48}.Debug|Any CPU.ActiveCfg = Debug|Any CPU
		{F4284E98-85D2-4CD2-8F56-0DBB99D9EE48}.Debug|Any CPU.Build.0 = Debug|Any CPU
		{F4284E98-85D2-4CD2-8F56-0DBB99D9EE48}.Release|Any CPU.ActiveCfg = Release|Any CPU
		{F4284E98-85D2-4CD2-8F56-0DBB99D9EE48}.Release|Any CPU.Build.0 = Release|Any CPU
		{58696023-6944-4062-9AA7-8C80B626E9B8}.Debug|Any CPU.ActiveCfg = Debug|Any CPU
		{58696023-6944-4062-9AA7-8C80B626E9B8}.Debug|Any CPU.Build.0 = Debug|Any CPU
		{58696023-6944-4062-9AA7-8C80B626E9B8}.Release|Any CPU.ActiveCfg = Release|Any CPU
		{58696023-6944-4062-9AA7-8C80B626E9B8}.Release|Any CPU.Build.0 = Release|Any CPU
		{78316298-B9B9-43EC-ABF8-385E2EC668C9}.Debug|Any CPU.ActiveCfg = Debug|Any CPU
		{78316298-B9B9-43EC-ABF8-385E2EC668C9}.Debug|Any CPU.Build.0 = Debug|Any CPU
		{78316298-B9B9-43EC-ABF8-385E2EC668C9}.Release|Any CPU.ActiveCfg = Release|Any CPU
		{78316298-B9B9-43EC-ABF8-385E2EC668C9}.Release|Any CPU.Build.0 = Release|Any CPU
		{263D9D08-DF2B-4FC6-AB08-1941B8B904F5}.Debug|Any CPU.ActiveCfg = Debug|Any CPU
		{263D9D08-DF2B-4FC6-AB08-1941B8B904F5}.Debug|Any CPU.Build.0 = Debug|Any CPU
		{263D9D08-DF2B-4FC6-AB08-1941B8B904F5}.Release|Any CPU.ActiveCfg = Release|Any CPU
		{263D9D08-DF2B-4FC6-AB08-1941B8B904F5}.Release|Any CPU.Build.0 = Release|Any CPU
		{6CCF21A7-06CC-48FA-8383-86DB149F428E}.Debug|Any CPU.ActiveCfg = Debug|Any CPU
		{6CCF21A7-06CC-48FA-8383-86DB149F428E}.Debug|Any CPU.Build.0 = Debug|Any CPU
		{6CCF21A7-06CC-48FA-8383-86DB149F428E}.Release|Any CPU.ActiveCfg = Release|Any CPU
		{6CCF21A7-06CC-48FA-8383-86DB149F428E}.Release|Any CPU.Build.0 = Release|Any CPU
	EndGlobalSection
	GlobalSection(SolutionProperties) = preSolution
		HideSolutionNode = FALSE
	EndGlobalSection
	GlobalSection(ExtensibilityGlobals) = postSolution
		SolutionGuid = {18A89EAB-0083-4BB4-B131-299FD312222D}
	EndGlobalSection
EndGlobal
